
Microsoft Visual Studio Solution File, Format Version 12.00
# Visual Studio Version 16
VisualStudioVersion = 16.0.29215.179
MinimumVisualStudioVersion = 10.0.40219.1
Project("{FAE04EC0-301F-11D3-BF4B-00C04F79EFBC}") = "talet mellan 1 och 100 LUAY", "talet mellan 1 och 100 LUAY\talet mellan 1 och 100 LUAY.csproj", "{1922F82C-A17A-4BB4-9F1A-43AF00F12629}"
EndProject
Global
	GlobalSection(SolutionConfigurationPlatforms) = preSolution
		Debug|Any CPU = Debug|Any CPU
		Release|Any CPU = Release|Any CPU
	EndGlobalSection
	GlobalSection(ProjectConfigurationPlatforms) = postSolution
		{1922F82C-A17A-4BB4-9F1A-43AF00F12629}.Debug|Any CPU.ActiveCfg = Debug|Any CPU
		{1922F82C-A17A-4BB4-9F1A-43AF00F12629}.Debug|Any CPU.Build.0 = Debug|Any CPU
		{1922F82C-A17A-4BB4-9F1A-43AF00F12629}.Release|Any CPU.ActiveCfg = Release|Any CPU
		{1922F82C-A17A-4BB4-9F1A-43AF00F12629}.Release|Any CPU.Build.0 = Release|Any CPU
	EndGlobalSection
	GlobalSection(SolutionProperties) = preSolution
		HideSolutionNode = FALSE
	EndGlobalSection
	GlobalSection(ExtensibilityGlobals) = postSolution
		SolutionGuid = {603A8C98-4325-43CF-AF3A-E0AD4B094EB9}
	EndGlobalSection
EndGlobal
